
Microsoft Visual Studio Solution File, Format Version 12.00
# Visual Studio 14
VisualStudioVersion = 14.0.25420.1
MinimumVisualStudioVersion = 10.0.40219.1
Project("{F2A71F9B-5D33-465A-A702-920D77279786}") = "Solution", "Solution.fsproj", "{A591242A-4B23-4FD9-9D63-B93007347F0B}"
EndProject
Global
	GlobalSection(SolutionConfigurationPlatforms) = preSolution
		Debug|Any CPU = Debug|Any CPU
		Release|Any CPU = Release|Any CPU
	EndGlobalSection
	GlobalSection(ProjectConfigurationPlatforms) = postSolution
		{A591242A-4B23-4FD9-9D63-B93007347F0B}.Debug|Any CPU.ActiveCfg = Debug|Any CPU
		{A591242A-4B23-4FD9-9D63-B93007347F0B}.Debug|Any CPU.Build.0 = Debug|Any CPU
		{A591242A-4B23-4FD9-9D63-B93007347F0B}.Release|Any CPU.ActiveCfg = Release|Any CPU
		{A591242A-4B23-4FD9-9D63-B93007347F0B}.Release|Any CPU.Build.0 = Release|Any CPU
	EndGlobalSection
	GlobalSection(SolutionProperties) = preSolution
		HideSolutionNode = FALSE
	EndGlobalSection
EndGlobal
